
Microsoft Visual Studio Solution File, Format Version 12.00
# Visual Studio Version 17
VisualStudioVersion = 17.0.31903.59
MinimumVisualStudioVersion = 10.0.40219.1
Project("{FAE04EC0-301F-11D3-BF4B-00C04F79EFBC}") = "KUSYS-Demo", "KUSYS-Demo\KUSYS-Demo.csproj", "{DE588353-2D27-47BF-8AB1-84C41741CCCE}"
EndProject
Global
	GlobalSection(SolutionConfigurationPlatforms) = preSolution
		Debug|Any CPU = Debug|Any CPU
		Release|Any CPU = Release|Any CPU
	EndGlobalSection
	GlobalSection(ProjectConfigurationPlatforms) = postSolution
		{DE588353-2D27-47BF-8AB1-84C41741CCCE}.Debug|Any CPU.ActiveCfg = Debug|Any CPU
		{DE588353-2D27-47BF-8AB1-84C41741CCCE}.Debug|Any CPU.Build.0 = Debug|Any CPU
		{DE588353-2D27-47BF-8AB1-84C41741CCCE}.Release|Any CPU.ActiveCfg = Release|Any CPU
		{DE588353-2D27-47BF-8AB1-84C41741CCCE}.Release|Any CPU.Build.0 = Release|Any CPU
	EndGlobalSection
	GlobalSection(SolutionProperties) = preSolution
		HideSolutionNode = FALSE
	EndGlobalSection
	GlobalSection(ExtensibilityGlobals) = postSolution
		SolutionGuid = {8CB400BE-CF30-4332-B2F9-648849E3DF56}
	EndGlobalSection
EndGlobal
